# This file was autogenerated by uv via the following command:
#    uv pip compile pyproject.toml --extra test --extra lint -o uv-dev.lock
black==25.1.0
    # via monei-python-sdk (pyproject.toml)
certifi==2025.1.31
    # via monei-python-sdk (pyproject.toml)
click==8.1.8
    # via black
coverage==7.6.12
    # via pytest-cov
iniconfig==2.0.0
    # via pytest
mypy-extensions==1.0.0
    # via black
packaging==24.2
    # via
    #   black
    #   pytest
pathspec==0.12.1
    # via black
platformdirs==4.3.6
    # via black
pluggy==1.5.0
    # via pytest
pytest==8.3.5
    # via
    #   monei-python-sdk (pyproject.toml)
    #   pytest-cov
pytest-cov==6.0.0
    # via monei-python-sdk (pyproject.toml)
python-dateutil==2.9.0.post0
    # via monei-python-sdk (pyproject.toml)
ruff==0.9.9
    # via monei-python-sdk (pyproject.toml)
setuptools==75.8.2
    # via monei-python-sdk (pyproject.toml)
six==1.17.0
    # via
    #   monei-python-sdk (pyproject.toml)
    #   python-dateutil
urllib3==2.3.0
    # via monei-python-sdk (pyproject.toml)
