# This file was autogenerated by uv via the following command:
#    uv pip compile pyproject.toml -o uv.lock
certifi==2025.1.31
    # via monei-python-sdk (pyproject.toml)
python-dateutil==2.9.0.post0
    # via monei-python-sdk (pyproject.toml)
setuptools==75.8.2
    # via monei-python-sdk (pyproject.toml)
six==1.17.0
    # via
    #   monei-python-sdk (pyproject.toml)
    #   python-dateutil
urllib3==2.3.0
    # via monei-python-sdk (pyproject.toml)
